
Microsoft Visual Studio Solution File, Format Version 12.00
# Visual Studio 15
Project("{FAE04EC0-301F-11D3-BF4B-00C04F79EFBC}") = "Assembly-CSharp", "Assembly-CSharp.csproj", "{D88A2F11-9FDB-97A3-2583-8D549B7894C5}"
EndProject
Project("{FAE04EC0-301F-11D3-BF4B-00C04F79EFBC}") = "Assembly-CSharp-Editor", "Assembly-CSharp-Editor.csproj", "{C04EFC25-FC34-89F8-3506-3E1074C7AB21}"
EndProject
Global
	GlobalSection(SolutionConfigurationPlatforms) = preSolution
		Debug|Any CPU = Debug|Any CPU
		Release|Any CPU = Release|Any CPU
	EndGlobalSection
	GlobalSection(ProjectConfigurationPlatforms) = postSolution
		{D88A2F11-9FDB-97A3-2583-8D549B7894C5}.Debug|Any CPU.ActiveCfg = Debug|Any CPU
		{D88A2F11-9FDB-97A3-2583-8D549B7894C5}.Debug|Any CPU.Build.0 = Debug|Any CPU
		{D88A2F11-9FDB-97A3-2583-8D549B7894C5}.Release|Any CPU.ActiveCfg = Release|Any CPU
		{D88A2F11-9FDB-97A3-2583-8D549B7894C5}.Release|Any CPU.Build.0 = Release|Any CPU
		{C04EFC25-FC34-89F8-3506-3E1074C7AB21}.Debug|Any CPU.ActiveCfg = Debug|Any CPU
		{C04EFC25-FC34-89F8-3506-3E1074C7AB21}.Debug|Any CPU.Build.0 = Debug|Any CPU
		{C04EFC25-FC34-89F8-3506-3E1074C7AB21}.Release|Any CPU.ActiveCfg = Release|Any CPU
		{C04EFC25-FC34-89F8-3506-3E1074C7AB21}.Release|Any CPU.Build.0 = Release|Any CPU
	EndGlobalSection
	GlobalSection(SolutionProperties) = preSolution
		HideSolutionNode = FALSE
	EndGlobalSection
EndGlobal
